
Microsoft Visual Studio Solution File, Format Version 12.00
# Visual Studio Version 17
VisualStudioVersion = 17.1.32210.238
MinimumVisualStudioVersion = 10.0.40219.1
Project("{FAE04EC0-301F-11D3-BF4B-00C04F79EFBC}") = "snake", "snake\snake.csproj", "{9F432269-65D1-4A7B-AEDD-EEBEBE5BF633}"
EndProject
Global
	GlobalSection(SolutionConfigurationPlatforms) = preSolution
		Debug|Any CPU = Debug|Any CPU
		Release|Any CPU = Release|Any CPU
	EndGlobalSection
	GlobalSection(ProjectConfigurationPlatforms) = postSolution
		{9F432269-65D1-4A7B-AEDD-EEBEBE5BF633}.Debug|Any CPU.ActiveCfg = Debug|Any CPU
		{9F432269-65D1-4A7B-AEDD-EEBEBE5BF633}.Debug|Any CPU.Build.0 = Debug|Any CPU
		{9F432269-65D1-4A7B-AEDD-EEBEBE5BF633}.Release|Any CPU.ActiveCfg = Release|Any CPU
		{9F432269-65D1-4A7B-AEDD-EEBEBE5BF633}.Release|Any CPU.Build.0 = Release|Any CPU
	EndGlobalSection
	GlobalSection(SolutionProperties) = preSolution
		HideSolutionNode = FALSE
	EndGlobalSection
	GlobalSection(ExtensibilityGlobals) = postSolution
		SolutionGuid = {08356B49-56B4-46F8-ABC0-68168D920C04}
	EndGlobalSection
EndGlobal
